<?xml version="1.0"?>
<CONFIG>
  <ProjectOptions>
    <Version Value="9"/>
    <PathDelim Value="\"/>
    <General>
      <MainUnit Value="0"/>
      <Title Value="Bencos"/>
      <UseXPManifest Value="True"/>
      <Icon Value="0"/>
      <ActiveWindowIndexAtStart Value="0"/>
    </General>
    <VersionInfo>
      <UseVersionInfo Value="True"/>
      <AutoIncrementBuild Value="True"/>
      <MinorVersionNr Value="2"/>
      <BuildNr Value="13"/>
      <StringTable FileDescription="BENCOS Batch Encoder" LegalCopyright="2006-2010, Detritus Software" ProductVersion="0.2.0.0"/>
    </VersionInfo>
    <BuildModes Count="1">
      <Item1 Name="default" Default="True"/>
    </BuildModes>
    <PublishOptions>
      <Version Value="2"/>
      <IgnoreBinaries Value="False"/>
      <IncludeFileFilter Value="*.(pas|pp|inc|lfm|lpr|lrs|lpi|lpk|sh|xml)"/>
      <ExcludeFileFilter Value="*.(bak|ppu|ppw|o|so);*~;backup"/>
    </PublishOptions>
    <RunParams>
      <local>
        <FormatVersion Value="1"/>
        <LaunchingApplication PathPlusParams="\usr\X11R6\bin\xterm -T 'Lazarus Run Output' -e $(LazarusDir)\tools\runwait.sh $(TargetCmdLine)"/>
      </local>
    </RunParams>
    <RequiredPackages Count="3">
      <Item1>
        <PackageName Value="FCL"/>
      </Item1>
      <Item2>
        <PackageName Value="SQLDBLaz"/>
        <MinVersion Major="1" Release="1" Valid="True"/>
      </Item2>
      <Item3>
        <PackageName Value="LCL"/>
      </Item3>
    </RequiredPackages>
    <Units Count="8">
      <Unit0>
        <Filename Value="bencos.lpr"/>
        <IsPartOfProject Value="True"/>
        <UnitName Value="bencos"/>
        <WindowIndex Value="0"/>
        <TopLine Value="1"/>
        <CursorPos X="48" Y="11"/>
        <UsageCount Value="217"/>
      </Unit0>
      <Unit1>
        <Filename Value="umain.pas"/>
        <IsPartOfProject Value="True"/>
        <ComponentName Value="fmain"/>
        <ResourceBaseClass Value="Form"/>
        <UnitName Value="umain"/>
        <EditorIndex Value="0"/>
        <WindowIndex Value="0"/>
        <TopLine Value="1199"/>
        <CursorPos X="1" Y="1218"/>
        <UsageCount Value="217"/>
        <Bookmarks Count="1">
          <Item0 X="3" Y="1194" ID="9"/>
        </Bookmarks>
        <Loaded Value="True"/>
        <LoadedDesigner Value="True"/>
      </Unit1>
      <Unit2>
        <Filename Value="uinfo.pas"/>
        <UnitName Value="uinfo"/>
        <WindowIndex Value="0"/>
        <TopLine Value="29"/>
        <CursorPos X="65" Y="39"/>
        <UsageCount Value="42"/>
      </Unit2>
      <Unit3>
        <Filename Value="ucodec.pas"/>
        <IsPartOfProject Value="True"/>
        <UnitName Value="UCodec"/>
        <WindowIndex Value="0"/>
        <TopLine Value="1"/>
        <CursorPos X="45" Y="13"/>
        <UsageCount Value="168"/>
      </Unit3>
      <Unit4>
        <Filename Value="uencoder.pas"/>
        <IsPartOfProject Value="True"/>
        <UnitName Value="uencoder"/>
        <IsVisibleTab Value="True"/>
        <EditorIndex Value="1"/>
        <WindowIndex Value="0"/>
        <TopLine Value="87"/>
        <CursorPos X="32" Y="106"/>
        <UsageCount Value="161"/>
        <Loaded Value="True"/>
      </Unit4>
      <Unit5>
        <Filename Value="utools.pas"/>
        <IsPartOfProject Value="True"/>
        <UnitName Value="utools"/>
        <WindowIndex Value="0"/>
        <TopLine Value="1"/>
        <CursorPos X="1" Y="1"/>
        <UsageCount Value="160"/>
      </Unit5>
      <Unit6>
        <Filename Value="uconfig.pas"/>
        <IsPartOfProject Value="True"/>
        <UnitName Value="uconfig"/>
        <WindowIndex Value="0"/>
        <TopLine Value="1"/>
        <CursorPos X="44" Y="20"/>
        <UsageCount Value="158"/>
      </Unit6>
      <Unit7>
        <Filename Value="ujob.pas"/>
        <UnitName Value="ujob"/>
        <WindowIndex Value="0"/>
        <TopLine Value="17"/>
        <CursorPos X="7" Y="15"/>
        <UsageCount Value="10"/>
      </Unit7>
    </Units>
    <JumpHistory Count="27" HistoryIndex="26">
      <Position1>
        <Filename Value="umain.pas"/>
        <Caret Line="1238" Column="3" TopLine="1198"/>
      </Position1>
      <Position2>
        <Filename Value="uencoder.pas"/>
        <Caret Line="24" Column="3" TopLine="1"/>
      </Position2>
      <Position3>
        <Filename Value="uencoder.pas"/>
        <Caret Line="8" Column="43" TopLine="1"/>
      </Position3>
      <Position4>
        <Filename Value="uencoder.pas"/>
        <Caret Line="45" Column="3" TopLine="5"/>
      </Position4>
      <Position5>
        <Filename Value="uencoder.pas"/>
        <Caret Line="20" Column="50" TopLine="5"/>
      </Position5>
      <Position6>
        <Filename Value="uencoder.pas"/>
        <Caret Line="8" Column="53" TopLine="3"/>
      </Position6>
      <Position7>
        <Filename Value="uencoder.pas"/>
        <Caret Line="23" Column="42" TopLine="3"/>
      </Position7>
      <Position8>
        <Filename Value="uencoder.pas"/>
        <Caret Line="11" Column="36" TopLine="1"/>
      </Position8>
      <Position9>
        <Filename Value="uencoder.pas"/>
        <Caret Line="68" Column="19" TopLine="34"/>
      </Position9>
      <Position10>
        <Filename Value="uencoder.pas"/>
        <Caret Line="53" Column="37" TopLine="33"/>
      </Position10>
      <Position11>
        <Filename Value="uencoder.pas"/>
        <Caret Line="58" Column="35" TopLine="38"/>
      </Position11>
      <Position12>
        <Filename Value="uencoder.pas"/>
        <Caret Line="40" Column="32" TopLine="31"/>
      </Position12>
      <Position13>
        <Filename Value="uencoder.pas"/>
        <Caret Line="35" Column="7" TopLine="31"/>
      </Position13>
      <Position14>
        <Filename Value="uencoder.pas"/>
        <Caret Line="36" Column="46" TopLine="30"/>
      </Position14>
      <Position15>
        <Filename Value="uencoder.pas"/>
        <Caret Line="70" Column="32" TopLine="51"/>
      </Position15>
      <Position16>
        <Filename Value="uencoder.pas"/>
        <Caret Line="36" Column="29" TopLine="32"/>
      </Position16>
      <Position17>
        <Filename Value="uencoder.pas"/>
        <Caret Line="71" Column="23" TopLine="51"/>
      </Position17>
      <Position18>
        <Filename Value="uencoder.pas"/>
        <Caret Line="70" Column="22" TopLine="51"/>
      </Position18>
      <Position19>
        <Filename Value="uencoder.pas"/>
        <Caret Line="71" Column="32" TopLine="51"/>
      </Position19>
      <Position20>
        <Filename Value="uencoder.pas"/>
        <Caret Line="98" Column="12" TopLine="76"/>
      </Position20>
      <Position21>
        <Filename Value="uencoder.pas"/>
        <Caret Line="67" Column="1" TopLine="56"/>
      </Position21>
      <Position22>
        <Filename Value="uencoder.pas"/>
        <Caret Line="74" Column="15" TopLine="55"/>
      </Position22>
      <Position23>
        <Filename Value="uencoder.pas"/>
        <Caret Line="69" Column="3" TopLine="41"/>
      </Position23>
      <Position24>
        <Filename Value="uencoder.pas"/>
        <Caret Line="145" Column="1" TopLine="115"/>
      </Position24>
      <Position25>
        <Filename Value="umain.pas"/>
        <Caret Line="135" Column="19" TopLine="108"/>
      </Position25>
      <Position26>
        <Filename Value="umain.pas"/>
        <Caret Line="1187" Column="1" TopLine="1168"/>
      </Position26>
      <Position27>
        <Filename Value="uencoder.pas"/>
        <Caret Line="55" Column="33" TopLine="20"/>
      </Position27>
    </JumpHistory>
  </ProjectOptions>
  <CompilerOptions>
    <Version Value="9"/>
    <PathDelim Value="\"/>
    <SearchPaths>
      <IncludeFiles Value="$(ProjOutDir)"/>
      <UnitOutputDirectory Value="out"/>
    </SearchPaths>
    <Parsing>
      <SyntaxOptions>
        <UseAnsiStrings Value="False"/>
      </SyntaxOptions>
    </Parsing>
    <CodeGeneration>
      <SmartLinkUnit Value="True"/>
      <Optimizations>
        <OptimizationLevel Value="3"/>
      </Optimizations>
    </CodeGeneration>
    <Linking>
      <Debugging>
        <UseLineInfoUnit Value="False"/>
        <StripSymbols Value="True"/>
      </Debugging>
      <LinkSmart Value="True"/>
      <Options>
        <Win32>
          <GraphicApplication Value="True"/>
        </Win32>
      </Options>
    </Linking>
    <Other>
      <CompilerMessages>
        <UseMsgFile Value="True"/>
      </CompilerMessages>
      <CompilerPath Value="$(CompPath)"/>
    </Other>
  </CompilerOptions>
  <Debugging>
    <Watches Count="1">
      <Item1>
        <Expression Value="sVideoOut"/>
      </Item1>
    </Watches>
    <Exceptions Count="5">
      <Item1>
        <Name Value="EAbort"/>
      </Item1>
      <Item2>
        <Name Value="ECodetoolError"/>
      </Item2>
      <Item3>
        <Name Value="EFOpenError"/>
      </Item3>
      <Item4>
        <Name Value="TIniFileSection"/>
      </Item4>
      <Item5>
        <Name Value="Unknown"/>
      </Item5>
    </Exceptions>
  </Debugging>
</CONFIG>
