<?xml version="1.0"?>
<CONFIG>
  <ProjectOptions>
    <Version Value="9"/>
    <PathDelim Value="\"/>
    <General>
      <MainUnit Value="0"/>
      <Title Value="Bencos"/>
      <UseXPManifest Value="True"/>
      <Icon Value="0"/>
      <ActiveWindowIndexAtStart Value="0"/>
    </General>
    <VersionInfo>
      <UseVersionInfo Value="True"/>
      <AutoIncrementBuild Value="True"/>
      <MinorVersionNr Value="2"/>
      <BuildNr Value="13"/>
      <StringTable FileDescription="BENCOS Batch Encoder" LegalCopyright="2006-2010, Detritus Software" ProductVersion="0.2.0.0"/>
    </VersionInfo>
    <BuildModes Count="1">
      <Item1 Name="default" Default="True"/>
    </BuildModes>
    <PublishOptions>
      <Version Value="2"/>
      <IgnoreBinaries Value="False"/>
      <IncludeFileFilter Value="*.(pas|pp|inc|lfm|lpr|lrs|lpi|lpk|sh|xml)"/>
      <ExcludeFileFilter Value="*.(bak|ppu|ppw|o|so);*~;backup"/>
    </PublishOptions>
    <RunParams>
      <local>
        <FormatVersion Value="1"/>
        <LaunchingApplication PathPlusParams="\usr\X11R6\bin\xterm -T 'Lazarus Run Output' -e $(LazarusDir)\tools\runwait.sh $(TargetCmdLine)"/>
      </local>
    </RunParams>
    <RequiredPackages Count="2">
      <Item1>
        <PackageName Value="SQLDBLaz"/>
        <MinVersion Major="1" Release="1" Valid="True"/>
      </Item1>
      <Item2>
        <PackageName Value="LCL"/>
      </Item2>
    </RequiredPackages>
    <Units Count="19">
      <Unit0>
        <Filename Value="bencos.lpr"/>
        <IsPartOfProject Value="True"/>
        <UnitName Value="bencos"/>
        <EditorIndex Value="1"/>
        <WindowIndex Value="0"/>
        <TopLine Value="1"/>
        <CursorPos X="47" Y="19"/>
        <UsageCount Value="217"/>
        <Loaded Value="True"/>
      </Unit0>
      <Unit1>
        <Filename Value="umain.pas"/>
        <IsPartOfProject Value="True"/>
        <ComponentName Value="fmain"/>
        <ResourceBaseClass Value="Form"/>
        <UnitName Value="umain"/>
        <IsVisibleTab Value="True"/>
        <EditorIndex Value="0"/>
        <WindowIndex Value="0"/>
        <TopLine Value="990"/>
        <CursorPos X="34" Y="1003"/>
        <UsageCount Value="217"/>
        <Bookmarks Count="1">
          <Item0 X="3" Y="1169" ID="9"/>
        </Bookmarks>
        <Loaded Value="True"/>
        <LoadedDesigner Value="True"/>
      </Unit1>
      <Unit2>
        <Filename Value="uinfo.pas"/>
        <UnitName Value="uinfo"/>
        <WindowIndex Value="0"/>
        <TopLine Value="29"/>
        <CursorPos X="65" Y="39"/>
        <UsageCount Value="56"/>
      </Unit2>
      <Unit3>
        <Filename Value="out\presets\libx264-slower.ffpreset"/>
        <WindowIndex Value="0"/>
        <TopLine Value="1"/>
        <CursorPos X="1" Y="1"/>
        <UsageCount Value="10"/>
        <DefaultSyntaxHighlighter Value="None"/>
      </Unit3>
      <Unit4>
        <Filename Value="out\presets\libx264-fast.ffpreset"/>
        <WindowIndex Value="0"/>
        <TopLine Value="1"/>
        <CursorPos X="1" Y="1"/>
        <UsageCount Value="10"/>
        <DefaultSyntaxHighlighter Value="None"/>
      </Unit4>
      <Unit5>
        <Filename Value="out\presets\libx264-medium.ffpreset"/>
        <WindowIndex Value="0"/>
        <TopLine Value="1"/>
        <CursorPos X="1" Y="1"/>
        <UsageCount Value="10"/>
        <DefaultSyntaxHighlighter Value="None"/>
      </Unit5>
      <Unit6>
        <Filename Value="out\presets\libx264-slow.ffpreset"/>
        <WindowIndex Value="0"/>
        <TopLine Value="1"/>
        <CursorPos X="1" Y="1"/>
        <UsageCount Value="10"/>
        <DefaultSyntaxHighlighter Value="None"/>
      </Unit6>
      <Unit7>
        <Filename Value="out\presets\libx264-main.ffpreset"/>
        <WindowIndex Value="0"/>
        <TopLine Value="1"/>
        <CursorPos X="1" Y="1"/>
        <UsageCount Value="10"/>
        <DefaultSyntaxHighlighter Value="None"/>
      </Unit7>
      <Unit8>
        <Filename Value="out\presets\libx264-anime-hq.ffpreset"/>
        <WindowIndex Value="0"/>
        <TopLine Value="1"/>
        <CursorPos X="25" Y="11"/>
        <UsageCount Value="1"/>
        <DefaultSyntaxHighlighter Value="None"/>
      </Unit8>
      <Unit9>
        <Filename Value="out\presets\libx264-anime-mq.ffpreset"/>
        <WindowIndex Value="0"/>
        <TopLine Value="1"/>
        <CursorPos X="16" Y="28"/>
        <UsageCount Value="1"/>
        <DefaultSyntaxHighlighter Value="None"/>
      </Unit9>
      <Unit10>
        <Filename Value="out\presets\libx264-anime_firstpass.ffpreset"/>
        <WindowIndex Value="0"/>
        <TopLine Value="1"/>
        <CursorPos X="11" Y="24"/>
        <UsageCount Value="1"/>
        <DefaultSyntaxHighlighter Value="None"/>
      </Unit10>
      <Unit11>
        <Filename Value="out\presets\libx264-anime-lq.ffpreset"/>
        <WindowIndex Value="0"/>
        <TopLine Value="1"/>
        <CursorPos X="16" Y="28"/>
        <UsageCount Value="1"/>
        <DefaultSyntaxHighlighter Value="None"/>
      </Unit11>
      <Unit12>
        <Filename Value="out\presets\libx264-veryslow_firstpass.ffpreset"/>
        <WindowIndex Value="0"/>
        <TopLine Value="1"/>
        <CursorPos X="1" Y="5"/>
        <UsageCount Value="10"/>
        <DefaultSyntaxHighlighter Value="None"/>
      </Unit12>
      <Unit13>
        <Filename Value="..\umain.pas"/>
        <UnitName Value="umain"/>
        <WindowIndex Value="0"/>
        <TopLine Value="166"/>
        <CursorPos X="11" Y="174"/>
        <UsageCount Value="2"/>
      </Unit13>
      <Unit14>
        <Filename Value="C:\lazarus\lcl\interfaces\win32\win32object.inc"/>
        <WindowIndex Value="0"/>
        <TopLine Value="311"/>
        <CursorPos X="55" Y="387"/>
        <UsageCount Value="10"/>
      </Unit14>
      <Unit15>
        <Filename Value="out\presets\libx264-baseline.ffpreset"/>
        <WindowIndex Value="0"/>
        <TopLine Value="1"/>
        <CursorPos X="1" Y="1"/>
        <UsageCount Value="1"/>
        <DefaultSyntaxHighlighter Value="None"/>
      </Unit15>
      <Unit16>
        <Filename Value="uinfo.lfm"/>
        <WindowIndex Value="0"/>
        <TopLine Value="1"/>
        <CursorPos X="1" Y="1"/>
        <UsageCount Value="1"/>
        <DefaultSyntaxHighlighter Value="LFM"/>
      </Unit16>
      <Unit17>
        <Filename Value="C:\lazarus\lcl\menus.pp"/>
        <UnitName Value="Menus"/>
        <WindowIndex Value="0"/>
        <TopLine Value="17"/>
        <CursorPos X="6" Y="37"/>
        <UsageCount Value="6"/>
      </Unit17>
      <Unit18>
        <Filename Value="ucodec.pas"/>
        <IsPartOfProject Value="True"/>
        <UnitName Value="UCodec"/>
        <WindowIndex Value="0"/>
        <TopLine Value="1"/>
        <CursorPos X="45" Y="13"/>
        <UsageCount Value="24"/>
      </Unit18>
    </Units>
    <JumpHistory Count="27" HistoryIndex="26">
      <Position1>
        <Filename Value="bencos.lpr"/>
        <Caret Line="6" Column="49" TopLine="1"/>
      </Position1>
      <Position2>
        <Filename Value="bencos.lpr"/>
        <Caret Line="19" Column="75" TopLine="1"/>
      </Position2>
      <Position3>
        <Filename Value="umain.pas"/>
        <Caret Line="1143" Column="26" TopLine="1111"/>
      </Position3>
      <Position4>
        <Filename Value="umain.pas"/>
        <Caret Line="1152" Column="1" TopLine="1132"/>
      </Position4>
      <Position5>
        <Filename Value="umain.pas"/>
        <Caret Line="1142" Column="31" TopLine="1122"/>
      </Position5>
      <Position6>
        <Filename Value="umain.pas"/>
        <Caret Line="1116" Column="23" TopLine="1113"/>
      </Position6>
      <Position7>
        <Filename Value="umain.pas"/>
        <Caret Line="1141" Column="5" TopLine="1117"/>
      </Position7>
      <Position8>
        <Filename Value="umain.pas"/>
        <Caret Line="1145" Column="70" TopLine="1125"/>
      </Position8>
      <Position9>
        <Filename Value="umain.pas"/>
        <Caret Line="1138" Column="3" TopLine="1115"/>
      </Position9>
      <Position10>
        <Filename Value="umain.pas"/>
        <Caret Line="254" Column="24" TopLine="234"/>
      </Position10>
      <Position11>
        <Filename Value="umain.pas"/>
        <Caret Line="337" Column="47" TopLine="324"/>
      </Position11>
      <Position12>
        <Filename Value="umain.pas"/>
        <Caret Line="1138" Column="51" TopLine="1117"/>
      </Position12>
      <Position13>
        <Filename Value="umain.pas"/>
        <Caret Line="1" Column="1" TopLine="1"/>
      </Position13>
      <Position14>
        <Filename Value="umain.pas"/>
        <Caret Line="211" Column="8" TopLine="196"/>
      </Position14>
      <Position15>
        <Filename Value="umain.pas"/>
        <Caret Line="633" Column="25" TopLine="616"/>
      </Position15>
      <Position16>
        <Filename Value="umain.pas"/>
        <Caret Line="243" Column="45" TopLine="240"/>
      </Position16>
      <Position17>
        <Filename Value="umain.pas"/>
        <Caret Line="664" Column="15" TopLine="644"/>
      </Position17>
      <Position18>
        <Filename Value="umain.pas"/>
        <Caret Line="11" Column="38" TopLine="1"/>
      </Position18>
      <Position19>
        <Filename Value="umain.pas"/>
        <Caret Line="1099" Column="14" TopLine="1052"/>
      </Position19>
      <Position20>
        <Filename Value="umain.pas"/>
        <Caret Line="1217" Column="12" TopLine="1215"/>
      </Position20>
      <Position21>
        <Filename Value="bencos.lpr"/>
        <Caret Line="20" Column="4" TopLine="1"/>
      </Position21>
      <Position22>
        <Filename Value="umain.pas"/>
        <Caret Line="659" Column="20" TopLine="642"/>
      </Position22>
      <Position23>
        <Filename Value="umain.pas"/>
        <Caret Line="210" Column="11" TopLine="194"/>
      </Position23>
      <Position24>
        <Filename Value="umain.pas"/>
        <Caret Line="209" Column="25" TopLine="196"/>
      </Position24>
      <Position25>
        <Filename Value="umain.pas"/>
        <Caret Line="123" Column="25" TopLine="109"/>
      </Position25>
      <Position26>
        <Filename Value="umain.pas"/>
        <Caret Line="793" Column="13" TopLine="761"/>
      </Position26>
      <Position27>
        <Filename Value="umain.pas"/>
        <Caret Line="23" Column="61" TopLine="1"/>
      </Position27>
    </JumpHistory>
  </ProjectOptions>
  <CompilerOptions>
    <Version Value="10"/>
    <PathDelim Value="\"/>
    <SearchPaths>
      <IncludeFiles Value="$(ProjOutDir)"/>
      <UnitOutputDirectory Value="out"/>
    </SearchPaths>
    <Parsing>
      <SyntaxOptions>
        <UseAnsiStrings Value="False"/>
      </SyntaxOptions>
    </Parsing>
    <CodeGeneration>
      <SmartLinkUnit Value="True"/>
      <SmallerCode Value="True"/>
    </CodeGeneration>
    <Linking>
      <Debugging>
        <StripSymbols Value="True"/>
      </Debugging>
      <LinkSmart Value="True"/>
      <Options>
        <Win32>
          <GraphicApplication Value="True"/>
        </Win32>
      </Options>
    </Linking>
    <Other>
      <CompilerMessages>
        <UseMsgFile Value="True"/>
      </CompilerMessages>
      <CompilerPath Value="$(CompPath)"/>
    </Other>
  </CompilerOptions>
  <Debugging>
    <Watches Count="1">
      <Item1>
        <Expression Value="sVideoOut"/>
      </Item1>
    </Watches>
    <Exceptions Count="5">
      <Item1>
        <Name Value="EAbort"/>
      </Item1>
      <Item2>
        <Name Value="ECodetoolError"/>
      </Item2>
      <Item3>
        <Name Value="EFOpenError"/>
      </Item3>
      <Item4>
        <Name Value="TIniFileSection"/>
      </Item4>
      <Item5>
        <Name Value="Unknown"/>
      </Item5>
    </Exceptions>
  </Debugging>
</CONFIG>
